
Microsoft Visual Studio Solution File, Format Version 12.00
# Visual Studio Version 16
VisualStudioVersion = 16.0.31605.320
MinimumVisualStudioVersion = 10.0.40219.1
Project("{FAE04EC0-301F-11D3-BF4B-00C04F79EFBC}") = "Credit.Web", "Credit.Web\Credit.Web.csproj", "{EFABC2DE-4FA0-4348-9757-22FD4C1ED939}"
EndProject
Global
	GlobalSection(SolutionConfigurationPlatforms) = preSolution
		Debug|Any CPU = Debug|Any CPU
		Release|Any CPU = Release|Any CPU
	EndGlobalSection
	GlobalSection(ProjectConfigurationPlatforms) = postSolution
		{EFABC2DE-4FA0-4348-9757-22FD4C1ED939}.Debug|Any CPU.ActiveCfg = Debug|Any CPU
		{EFABC2DE-4FA0-4348-9757-22FD4C1ED939}.Debug|Any CPU.Build.0 = Debug|Any CPU
		{EFABC2DE-4FA0-4348-9757-22FD4C1ED939}.Release|Any CPU.ActiveCfg = Release|Any CPU
		{EFABC2DE-4FA0-4348-9757-22FD4C1ED939}.Release|Any CPU.Build.0 = Release|Any CPU
	EndGlobalSection
	GlobalSection(SolutionProperties) = preSolution
		HideSolutionNode = FALSE
	EndGlobalSection
	GlobalSection(ExtensibilityGlobals) = postSolution
		SolutionGuid = {74C8BAD3-138D-4753-9D40-5BC9537C2839}
	EndGlobalSection
EndGlobal
